
Microsoft Visual Studio Solution File, Format Version 12.00
# Visual Studio 14
VisualStudioVersion = 14.0.25420.1
MinimumVisualStudioVersion = 10.0.40219.1
Project("{FAE04EC0-301F-11D3-BF4B-00C04F79EFBC}") = "ComfortIsland", "ComfortIsland\ComfortIsland.csproj", "{A3881C13-16C4-49D9-B8CF-D3E1AEAEA97F}"
EndProject
Project("{2150E333-8FDC-42A3-9474-1A3956D46DE8}") = "External", "External", "{7140F880-8B2B-4A67-B6A1-9528AACB4AAE}"
	ProjectSection(SolutionItems) = preProject
		External\DocumentFormat.OpenXml.dll = External\DocumentFormat.OpenXml.dll
	EndProjectSection
EndProject
Project("{FAE04EC0-301F-11D3-BF4B-00C04F79EFBC}") = "ComfortIsland.UiTests", "ComfortIsland.UiTests\ComfortIsland.UiTests.csproj", "{5FE1FF99-2876-4DDE-8815-B7369F0383FD}"
EndProject
Project("{FAE04EC0-301F-11D3-BF4B-00C04F79EFBC}") = "Accounting.Core", "Accounting.Core\Accounting.Core.csproj", "{451E3FD9-F326-4274-A131-AC3EEDB38F11}"
EndProject
Project("{2150E333-8FDC-42A3-9474-1A3956D46DE8}") = "DAL", "DAL", "{A7196D9D-CA8F-44F7-A44F-5BB8249980C9}"
EndProject
Project("{2150E333-8FDC-42A3-9474-1A3956D46DE8}") = "Reports", "Reports", "{BFD3FCD0-F7EF-44EF-870D-406A8EFC5B4A}"
EndProject
Project("{2150E333-8FDC-42A3-9474-1A3956D46DE8}") = "UI", "UI", "{9001C26D-5E56-4909-B211-94A2F9772371}"
EndProject
Project("{FAE04EC0-301F-11D3-BF4B-00C04F79EFBC}") = "Accounting.DAL.XML", "Accounting.DAL.XML\Accounting.DAL.XML.csproj", "{3F036D41-571A-4C5E-B8B2-07FA501E183D}"
EndProject
Project("{FAE04EC0-301F-11D3-BF4B-00C04F79EFBC}") = "Accounting.Reports.OpenXml", "Accounting.Reports.OpenXml\Accounting.Reports.OpenXml.csproj", "{D41D91E2-B6CC-4D72-8BBB-567B9EE115EB}"
EndProject
Project("{FAE04EC0-301F-11D3-BF4B-00C04F79EFBC}") = "Accounting.Core.UnitTests", "Accounting.Core.UnitTests\Accounting.Core.UnitTests.csproj", "{9BBDCF77-F8F4-4353-852D-BEA380FF7268}"
EndProject
Project("{FAE04EC0-301F-11D3-BF4B-00C04F79EFBC}") = "Accounting.UI.WPF", "Accounting.UI.WPF\Accounting.UI.WPF.csproj", "{12DCE49A-85FF-4E70-A9E9-E48D13F6E76C}"
EndProject
Project("{FAE04EC0-301F-11D3-BF4B-00C04F79EFBC}") = "Accounting.DAL.XML.UnitTests", "Accounting.DAL.XML.UnitTests\Accounting.DAL.XML.UnitTests.csproj", "{E7E2085C-1E44-4381-84FB-0922DD6D8319}"
EndProject
Project("{FAE04EC0-301F-11D3-BF4B-00C04F79EFBC}") = "Accounting.UI.WPF.UnitTests", "Accounting.UI.WPF.UnitTests\Accounting.UI.WPF.UnitTests.csproj", "{D2682D8F-2AF0-4463-8D07-B49BE4B0DCCE}"
EndProject
Project("{FAE04EC0-301F-11D3-BF4B-00C04F79EFBC}") = "Accounting.Reports.OpenXml.UnitTests", "Accounting.Reports.OpenXml.UnitTests\Accounting.Reports.OpenXml.UnitTests.csproj", "{8633DD2F-F148-4549-AE6B-F613616FC292}"
EndProject
Global
	GlobalSection(SolutionConfigurationPlatforms) = preSolution
		Debug|Any CPU = Debug|Any CPU
		Release|Any CPU = Release|Any CPU
	EndGlobalSection
	GlobalSection(ProjectConfigurationPlatforms) = postSolution
		{A3881C13-16C4-49D9-B8CF-D3E1AEAEA97F}.Debug|Any CPU.ActiveCfg = Debug|Any CPU
		{A3881C13-16C4-49D9-B8CF-D3E1AEAEA97F}.Debug|Any CPU.Build.0 = Debug|Any CPU
		{A3881C13-16C4-49D9-B8CF-D3E1AEAEA97F}.Release|Any CPU.ActiveCfg = Release|Any CPU
		{A3881C13-16C4-49D9-B8CF-D3E1AEAEA97F}.Release|Any CPU.Build.0 = Release|Any CPU
		{5FE1FF99-2876-4DDE-8815-B7369F0383FD}.Debug|Any CPU.ActiveCfg = Debug|Any CPU
		{5FE1FF99-2876-4DDE-8815-B7369F0383FD}.Debug|Any CPU.Build.0 = Debug|Any CPU
		{5FE1FF99-2876-4DDE-8815-B7369F0383FD}.Release|Any CPU.ActiveCfg = Release|Any CPU
		{5FE1FF99-2876-4DDE-8815-B7369F0383FD}.Release|Any CPU.Build.0 = Release|Any CPU
		{451E3FD9-F326-4274-A131-AC3EEDB38F11}.Debug|Any CPU.ActiveCfg = Debug|Any CPU
		{451E3FD9-F326-4274-A131-AC3EEDB38F11}.Debug|Any CPU.Build.0 = Debug|Any CPU
		{451E3FD9-F326-4274-A131-AC3EEDB38F11}.Release|Any CPU.ActiveCfg = Release|Any CPU
		{451E3FD9-F326-4274-A131-AC3EEDB38F11}.Release|Any CPU.Build.0 = Release|Any CPU
		{3F036D41-571A-4C5E-B8B2-07FA501E183D}.Debug|Any CPU.ActiveCfg = Debug|Any CPU
		{3F036D41-571A-4C5E-B8B2-07FA501E183D}.Debug|Any CPU.Build.0 = Debug|Any CPU
		{3F036D41-571A-4C5E-B8B2-07FA501E183D}.Release|Any CPU.ActiveCfg = Release|Any CPU
		{3F036D41-571A-4C5E-B8B2-07FA501E183D}.Release|Any CPU.Build.0 = Release|Any CPU
		{D41D91E2-B6CC-4D72-8BBB-567B9EE115EB}.Debug|Any CPU.ActiveCfg = Debug|Any CPU
		{D41D91E2-B6CC-4D72-8BBB-567B9EE115EB}.Debug|Any CPU.Build.0 = Debug|Any CPU
		{D41D91E2-B6CC-4D72-8BBB-567B9EE115EB}.Release|Any CPU.ActiveCfg = Release|Any CPU
		{D41D91E2-B6CC-4D72-8BBB-567B9EE115EB}.Release|Any CPU.Build.0 = Release|Any CPU
		{9BBDCF77-F8F4-4353-852D-BEA380FF7268}.Debug|Any CPU.ActiveCfg = Debug|Any CPU
		{9BBDCF77-F8F4-4353-852D-BEA380FF7268}.Debug|Any CPU.Build.0 = Debug|Any CPU
		{9BBDCF77-F8F4-4353-852D-BEA380FF7268}.Release|Any CPU.ActiveCfg = Release|Any CPU
		{9BBDCF77-F8F4-4353-852D-BEA380FF7268}.Release|Any CPU.Build.0 = Release|Any CPU
		{12DCE49A-85FF-4E70-A9E9-E48D13F6E76C}.Debug|Any CPU.ActiveCfg = Debug|Any CPU
		{12DCE49A-85FF-4E70-A9E9-E48D13F6E76C}.Debug|Any CPU.Build.0 = Debug|Any CPU
		{12DCE49A-85FF-4E70-A9E9-E48D13F6E76C}.Release|Any CPU.ActiveCfg = Release|Any CPU
		{12DCE49A-85FF-4E70-A9E9-E48D13F6E76C}.Release|Any CPU.Build.0 = Release|Any CPU
		{E7E2085C-1E44-4381-84FB-0922DD6D8319}.Debug|Any CPU.ActiveCfg = Debug|Any CPU
		{E7E2085C-1E44-4381-84FB-0922DD6D8319}.Debug|Any CPU.Build.0 = Debug|Any CPU
		{E7E2085C-1E44-4381-84FB-0922DD6D8319}.Release|Any CPU.ActiveCfg = Release|Any CPU
		{E7E2085C-1E44-4381-84FB-0922DD6D8319}.Release|Any CPU.Build.0 = Release|Any CPU
		{D2682D8F-2AF0-4463-8D07-B49BE4B0DCCE}.Debug|Any CPU.ActiveCfg = Debug|Any CPU
		{D2682D8F-2AF0-4463-8D07-B49BE4B0DCCE}.Debug|Any CPU.Build.0 = Debug|Any CPU
		{D2682D8F-2AF0-4463-8D07-B49BE4B0DCCE}.Release|Any CPU.ActiveCfg = Release|Any CPU
		{D2682D8F-2AF0-4463-8D07-B49BE4B0DCCE}.Release|Any CPU.Build.0 = Release|Any CPU
		{8633DD2F-F148-4549-AE6B-F613616FC292}.Debug|Any CPU.ActiveCfg = Debug|Any CPU
		{8633DD2F-F148-4549-AE6B-F613616FC292}.Debug|Any CPU.Build.0 = Debug|Any CPU
		{8633DD2F-F148-4549-AE6B-F613616FC292}.Release|Any CPU.ActiveCfg = Release|Any CPU
		{8633DD2F-F148-4549-AE6B-F613616FC292}.Release|Any CPU.Build.0 = Release|Any CPU
	EndGlobalSection
	GlobalSection(SolutionProperties) = preSolution
		HideSolutionNode = FALSE
	EndGlobalSection
	GlobalSection(NestedProjects) = preSolution
		{3F036D41-571A-4C5E-B8B2-07FA501E183D} = {A7196D9D-CA8F-44F7-A44F-5BB8249980C9}
		{D41D91E2-B6CC-4D72-8BBB-567B9EE115EB} = {BFD3FCD0-F7EF-44EF-870D-406A8EFC5B4A}
		{12DCE49A-85FF-4E70-A9E9-E48D13F6E76C} = {9001C26D-5E56-4909-B211-94A2F9772371}
		{E7E2085C-1E44-4381-84FB-0922DD6D8319} = {A7196D9D-CA8F-44F7-A44F-5BB8249980C9}
		{D2682D8F-2AF0-4463-8D07-B49BE4B0DCCE} = {9001C26D-5E56-4909-B211-94A2F9772371}
		{8633DD2F-F148-4549-AE6B-F613616FC292} = {BFD3FCD0-F7EF-44EF-870D-406A8EFC5B4A}
	EndGlobalSection
EndGlobal
