
Microsoft Visual Studio Solution File, Format Version 12.00
# Visual Studio 2012
Project("{FAE04EC0-301F-11D3-BF4B-00C04F79EFBC}") = "ComfortIsland", "ComfortIsland\ComfortIsland.csproj", "{A3881C13-16C4-49D9-B8CF-D3E1AEAEA97F}"
EndProject
Global
	GlobalSection(SolutionConfigurationPlatforms) = preSolution
		Debug|Any CPU = Debug|Any CPU
		Release|Any CPU = Release|Any CPU
	EndGlobalSection
	GlobalSection(ProjectConfigurationPlatforms) = postSolution
		{A3881C13-16C4-49D9-B8CF-D3E1AEAEA97F}.Debug|Any CPU.ActiveCfg = Debug|Any CPU
		{A3881C13-16C4-49D9-B8CF-D3E1AEAEA97F}.Debug|Any CPU.Build.0 = Debug|Any CPU
		{A3881C13-16C4-49D9-B8CF-D3E1AEAEA97F}.Release|Any CPU.ActiveCfg = Release|Any CPU
		{A3881C13-16C4-49D9-B8CF-D3E1AEAEA97F}.Release|Any CPU.Build.0 = Release|Any CPU
	EndGlobalSection
	GlobalSection(SolutionProperties) = preSolution
		HideSolutionNode = FALSE
	EndGlobalSection
EndGlobal
