
Microsoft Visual Studio Solution File, Format Version 12.00
# Visual Studio 14
VisualStudioVersion = 14.0.24720.0
MinimumVisualStudioVersion = 10.0.40219.1
Project("{FAE04EC0-301F-11D3-BF4B-00C04F79EFBC}") = "ComfortIsland", "ComfortIsland\ComfortIsland.csproj", "{A3881C13-16C4-49D9-B8CF-D3E1AEAEA97F}"
EndProject
Project("{FAE04EC0-301F-11D3-BF4B-00C04F79EFBC}") = "UnitTests", "UnitTests\UnitTests.csproj", "{1BEA4FEF-0872-4BAD-8B4B-DF2C589347A1}"
EndProject
Project("{2150E333-8FDC-42A3-9474-1A3956D46DE8}") = "External", "External", "{7140F880-8B2B-4A67-B6A1-9528AACB4AAE}"
	ProjectSection(SolutionItems) = preProject
		External\DocumentFormat.OpenXml.dll = External\DocumentFormat.OpenXml.dll
	EndProjectSection
EndProject
Project("{FAE04EC0-301F-11D3-BF4B-00C04F79EFBC}") = "ComfortIsland.UnitTests", "ComfortIsland.UnitTests\ComfortIsland.UnitTests.csproj", "{168FC24F-97A8-4B53-8A28-39E08189C347}"
EndProject
Global
	GlobalSection(SolutionConfigurationPlatforms) = preSolution
		Debug|Any CPU = Debug|Any CPU
		Release|Any CPU = Release|Any CPU
	EndGlobalSection
	GlobalSection(ProjectConfigurationPlatforms) = postSolution
		{A3881C13-16C4-49D9-B8CF-D3E1AEAEA97F}.Debug|Any CPU.ActiveCfg = Debug|Any CPU
		{A3881C13-16C4-49D9-B8CF-D3E1AEAEA97F}.Debug|Any CPU.Build.0 = Debug|Any CPU
		{A3881C13-16C4-49D9-B8CF-D3E1AEAEA97F}.Release|Any CPU.ActiveCfg = Release|Any CPU
		{A3881C13-16C4-49D9-B8CF-D3E1AEAEA97F}.Release|Any CPU.Build.0 = Release|Any CPU
		{1BEA4FEF-0872-4BAD-8B4B-DF2C589347A1}.Debug|Any CPU.ActiveCfg = Debug|Any CPU
		{1BEA4FEF-0872-4BAD-8B4B-DF2C589347A1}.Debug|Any CPU.Build.0 = Debug|Any CPU
		{1BEA4FEF-0872-4BAD-8B4B-DF2C589347A1}.Release|Any CPU.ActiveCfg = Release|Any CPU
		{1BEA4FEF-0872-4BAD-8B4B-DF2C589347A1}.Release|Any CPU.Build.0 = Release|Any CPU
		{168FC24F-97A8-4B53-8A28-39E08189C347}.Debug|Any CPU.ActiveCfg = Debug|Any CPU
		{168FC24F-97A8-4B53-8A28-39E08189C347}.Debug|Any CPU.Build.0 = Debug|Any CPU
		{168FC24F-97A8-4B53-8A28-39E08189C347}.Release|Any CPU.ActiveCfg = Release|Any CPU
		{168FC24F-97A8-4B53-8A28-39E08189C347}.Release|Any CPU.Build.0 = Release|Any CPU
	EndGlobalSection
	GlobalSection(SolutionProperties) = preSolution
		HideSolutionNode = FALSE
	EndGlobalSection
EndGlobal
